
Microsoft Visual Studio Solution File, Format Version 12.00
# Visual Studio Version 17
VisualStudioVersion = 17.14.37203.1 d17.14
MinimumVisualStudioVersion = 10.0.40219.1
Project("{FAE04EC0-301F-11D3-BF4B-00C04F79EFBC}") = "GerenciamentoVeiculos", "GerenciamentoVeiculos\GerenciamentoVeiculos.csproj", "{CAADE979-36DB-4687-84CE-56F8EF862833}"
EndProject
Global
	GlobalSection(SolutionConfigurationPlatforms) = preSolution
		Debug|Any CPU = Debug|Any CPU
		Release|Any CPU = Release|Any CPU
	EndGlobalSection
	GlobalSection(ProjectConfigurationPlatforms) = postSolution
		{CAADE979-36DB-4687-84CE-56F8EF862833}.Debug|Any CPU.ActiveCfg = Debug|Any CPU
		{CAADE979-36DB-4687-84CE-56F8EF862833}.Debug|Any CPU.Build.0 = Debug|Any CPU
		{CAADE979-36DB-4687-84CE-56F8EF862833}.Release|Any CPU.ActiveCfg = Release|Any CPU
		{CAADE979-36DB-4687-84CE-56F8EF862833}.Release|Any CPU.Build.0 = Release|Any CPU
	EndGlobalSection
	GlobalSection(SolutionProperties) = preSolution
		HideSolutionNode = FALSE
	EndGlobalSection
	GlobalSection(ExtensibilityGlobals) = postSolution
		SolutionGuid = {102A6981-1A49-4505-89EB-E08DC2129E83}
	EndGlobalSection
EndGlobal
